{
    "version": 3,
    "terraform_version": "0.10.8",
    "serial": 6,
    "lineage": "2b6ea19b-3192-4441-a572-2d668f9911b2",
    "modules": [
        {
            "path": [
                "root"
            ],
            "outputs": {},
            "resources": {
                "alicloud_instance.blizzard": {
                    "type": "alicloud_instance",
                    "depends_on": [
                        "alicloud_security_group.blizzard"
                    ],
                    "primary": {
                        "id": "i-j6c3cqwumhn692ehbjo3",
                        "attributes": {
                            "allocate_public_ip": "true",
                            "availability_zone": "cn-hongkong-c",
                            "description": "",
                            "host_name": "iZj6c3cqwumhn692ehbjo3Z",
                            "id": "i-j6c3cqwumhn692ehbjo3",
                            "image_id": "ubuntu_16_0402_64_20G_alibase_20170818.vhd",
                            "instance_charge_type": "PostPaid",
                            "instance_name": "ECS-Instance",
                            "instance_type": "ecs.xn4.small",
                            "internet_charge_type": "PayByTraffic",
                            "internet_max_bandwidth_out": "1",
                            "io_optimized": "",
                            "key_name": "",
                            "password": "",
                            "private_ip": "10.81.141.94",
                            "public_ip": "47.52.34.25",
                            "security_groups.#": "1",
                            "security_groups.1793869632": "sg-j6c9hcysthc0siqhbc71",
                            "status": "Running",
                            "subnet_id": "",
                            "system_disk_category": "cloud_efficiency",
                            "system_disk_size": "40",
                            "tags.%": "0",
                            "vswitch_id": ""
                        },
                        "meta": {},
                        "tainted": false
                    },
                    "deposed": [],
                    "provider": ""
                },
                "alicloud_key_pair.light": {
                    "type": "alicloud_key_pair",
                    "depends_on": [],
                    "primary": {
                        "id": "terraform-006fa67b4b495b68401e0352c8",
                        "attributes": {
                            "id": "terraform-006fa67b4b495b68401e0352c8",
                            "key_name": "terraform-006fa67b4b495b68401e0352c8",
                            "public_key": "ssh-rsa AAAAB3NzaC1yc2EAAAADAQABAAABAQCnBHrXuBvQ9xJaUkI5YrLvZ9FTIhxqLXlqJb0iD7SvoA04USEqDGyRUic23DxLAOuWmNKlrBA+nk3Kv65Zf6Hiicjcb4LhrHyUMks47mEQjGInoRFYDGxx3Znllf9+hF75tw9rYtRrn1N1dypCdEod5Sgqwyi3IVaTMeZO/lAic/Zmy21ACwdHw5uPxcO5pGvHzmEy/2JsuL+gIOtEBXfJyaY/YWUEm1IBaCGLIzxXIJ07oZeO9kNzi/Sxue7uGD/29FT59uk2jlh/mRNbH7W5rrguLUmWGCFfUybJ0EWST4Y2a1BL/XvQ/ePueZZ4+whZpJWA9x4Pb4vIVlmvrWjj zeyu@lanthanum"
                        },
                        "meta": {},
                        "tainted": false
                    },
                    "deposed": [],
                    "provider": ""
                },
                "alicloud_key_pair_attachment.light": {
                    "type": "alicloud_key_pair_attachment",
                    "depends_on": [
                        "alicloud_instance.blizzard",
                        "alicloud_key_pair.light"
                    ],
                    "primary": {
                        "id": "terraform-006fa67b4b495b68401e0352c8:[\"i-j6c3cqwumhn692ehbjo3\"]",
                        "attributes": {
                            "id": "terraform-006fa67b4b495b68401e0352c8:[\"i-j6c3cqwumhn692ehbjo3\"]",
                            "instance_ids.#": "1",
                            "instance_ids.1917898415": "i-j6c3cqwumhn692ehbjo3",
                            "key_name": "terraform-006fa67b4b495b68401e0352c8"
                        },
                        "meta": {},
                        "tainted": false
                    },
                    "deposed": [],
                    "provider": ""
                },
                "alicloud_security_group.blizzard": {
                    "type": "alicloud_security_group",
                    "depends_on": [],
                    "primary": {
                        "id": "sg-j6c9hcysthc0siqhbc71",
                        "attributes": {
                            "description": "",
                            "id": "sg-j6c9hcysthc0siqhbc71",
                            "name": "",
                            "vpc_id": ""
                        },
                        "meta": {},
                        "tainted": false
                    },
                    "deposed": [],
                    "provider": ""
                },
                "alicloud_security_group_rule.blizzard-ssh-in": {
                    "type": "alicloud_security_group_rule",
                    "depends_on": [
                        "alicloud_security_group.blizzard"
                    ],
                    "primary": {
                        "id": "sg-j6c9hcysthc0siqhbc71:ingress:tcp:22/22::0.0.0.0/0:accept:1",
                        "attributes": {
                            "cidr_ip": "0.0.0.0/0",
                            "id": "sg-j6c9hcysthc0siqhbc71:ingress:tcp:22/22::0.0.0.0/0:accept:1",
                            "ip_protocol": "tcp",
                            "nic_type": "internet",
                            "policy": "accept",
                            "port_range": "22/22",
                            "priority": "1",
                            "security_group_id": "sg-j6c9hcysthc0siqhbc71",
                            "source_group_owner_account": "",
                            "source_security_group_id": "",
                            "type": "ingress"
                        },
                        "meta": {},
                        "tainted": false
                    },
                    "deposed": [],
                    "provider": ""
                }
            },
            "depends_on": []
        }
    ]
}
